
Microsoft Visual Studio Solution File, Format Version 12.00
# Visual Studio Version 16
VisualStudioVersion = 16.0.31702.278
MinimumVisualStudioVersion = 10.0.40219.1
Project("{FAE04EC0-301F-11D3-BF4B-00C04F79EFBC}") = "IAccount task", "IAccount task\IAccount task.csproj", "{DE6784BD-48EF-4B00-B84E-296D45F14141}"
EndProject
Global
	GlobalSection(SolutionConfigurationPlatforms) = preSolution
		Debug|Any CPU = Debug|Any CPU
		Release|Any CPU = Release|Any CPU
	EndGlobalSection
	GlobalSection(ProjectConfigurationPlatforms) = postSolution
		{DE6784BD-48EF-4B00-B84E-296D45F14141}.Debug|Any CPU.ActiveCfg = Debug|Any CPU
		{DE6784BD-48EF-4B00-B84E-296D45F14141}.Debug|Any CPU.Build.0 = Debug|Any CPU
		{DE6784BD-48EF-4B00-B84E-296D45F14141}.Release|Any CPU.ActiveCfg = Release|Any CPU
		{DE6784BD-48EF-4B00-B84E-296D45F14141}.Release|Any CPU.Build.0 = Release|Any CPU
	EndGlobalSection
	GlobalSection(SolutionProperties) = preSolution
		HideSolutionNode = FALSE
	EndGlobalSection
	GlobalSection(ExtensibilityGlobals) = postSolution
		SolutionGuid = {3914DA69-8DF3-4ACE-9A4E-E25E7139F39A}
	EndGlobalSection
EndGlobal
